// !$*UTF8*$!
{
	archiveVersion = 1;
	classes = {
	};
	objectVersion = 56;
	objects = {

/* Begin PBXBuildFile section */
		B9267FF129986C740011D537 /* kupoApp.swift in Sources */ = {isa = PBXBuildFile; fileRef = B9267FF029986C740011D537 /* kupoApp.swift */; };
		B9267FF329986C740011D537 /* ContentView.swift in Sources */ = {isa = PBXBuildFile; fileRef = B9267FF229986C740011D537 /* ContentView.swift */; };
		B9267FF529986C760011D537 /* Assets.xcassets in Resources */ = {isa = PBXBuildFile; fileRef = B9267FF429986C760011D537 /* Assets.xcassets */; };
		B9267FF829986C760011D537 /* Preview Assets.xcassets in Resources */ = {isa = PBXBuildFile; fileRef = B9267FF729986C760011D537 /* Preview Assets.xcassets */; };
		B9267FFA29986C760011D537 /* Persistence.swift in Sources */ = {isa = PBXBuildFile; fileRef = B9267FF929986C760011D537 /* Persistence.swift */; };
		B9267FFD29986C760011D537 /* kupo.xcdatamodeld in Sources */ = {isa = PBXBuildFile; fileRef = B9267FFB29986C760011D537 /* kupo.xcdatamodeld */; };
		B926800829986C760011D537 /* kupoTests.swift in Sources */ = {isa = PBXBuildFile; fileRef = B926800729986C760011D537 /* kupoTests.swift */; };
		B926801229986C760011D537 /* kupoUITests.swift in Sources */ = {isa = PBXBuildFile; fileRef = B926801129986C760011D537 /* kupoUITests.swift */; };
		B926801429986C760011D537 /* kupoUITestsLaunchTests.swift in Sources */ = {isa = PBXBuildFile; fileRef = B926801329986C760011D537 /* kupoUITestsLaunchTests.swift */; };
		B926802129986E790011D537 /* NavigationPanel.swift in Sources */ = {isa = PBXBuildFile; fileRef = B926802029986E790011D537 /* NavigationPanel.swift */; };
		B9268023299874930011D537 /* UserPortrait.swift in Sources */ = {isa = PBXBuildFile; fileRef = B9268022299874930011D537 /* UserPortrait.swift */; };
		B926802529987F960011D537 /* ArchiveFile.swift in Sources */ = {isa = PBXBuildFile; fileRef = B926802429987F960011D537 /* ArchiveFile.swift */; };
		B9268028299880B70011D537 /* ContentItem.swift in Sources */ = {isa = PBXBuildFile; fileRef = B9268027299880B70011D537 /* ContentItem.swift */; };
		B926802B299881520011D537 /* ContentItemImage.swift in Sources */ = {isa = PBXBuildFile; fileRef = B926802A299881520011D537 /* ContentItemImage.swift */; };
		B926802D2998867C0011D537 /* ContentItemHeader.swift in Sources */ = {isa = PBXBuildFile; fileRef = B926802C2998867C0011D537 /* ContentItemHeader.swift */; };
		B926802F2998882D0011D537 /* ContentItemFooter.swift in Sources */ = {isa = PBXBuildFile; fileRef = B926802E2998882D0011D537 /* ContentItemFooter.swift */; };
		B9268031299888470011D537 /* ContentItemFooterHashtagsRow.swift in Sources */ = {isa = PBXBuildFile; fileRef = B9268030299888470011D537 /* ContentItemFooterHashtagsRow.swift */; };
		B926803329988B5A0011D537 /* ContentItemFooterIconsRow.swift in Sources */ = {isa = PBXBuildFile; fileRef = B926803229988B5A0011D537 /* ContentItemFooterIconsRow.swift */; };
		B92680352998B0A30011D537 /* Login.swift in Sources */ = {isa = PBXBuildFile; fileRef = B92680342998B0A30011D537 /* Login.swift */; };
		B92680382999446E0011D537 /* TextInput.swift in Sources */ = {isa = PBXBuildFile; fileRef = B92680372999446E0011D537 /* TextInput.swift */; };
		B9478EFB2999F57A00B1584C /* OpenAPIClient in Frameworks */ = {isa = PBXBuildFile; productRef = B9478EFA2999F57A00B1584C /* OpenAPIClient */; };
/* End PBXBuildFile section */

/* Begin PBXContainerItemProxy section */
		B926800429986C760011D537 /* PBXContainerItemProxy */ = {
			isa = PBXContainerItemProxy;
			containerPortal = B9267FE529986C740011D537 /* Project object */;
			proxyType = 1;
			remoteGlobalIDString = B9267FEC29986C740011D537;
			remoteInfo = kupo;
		};
		B926800E29986C760011D537 /* PBXContainerItemProxy */ = {
			isa = PBXContainerItemProxy;
			containerPortal = B9267FE529986C740011D537 /* Project object */;
			proxyType = 1;
			remoteGlobalIDString = B9267FEC29986C740011D537;
			remoteInfo = kupo;
		};
/* End PBXContainerItemProxy section */

/* Begin PBXFileReference section */
		B9267FED29986C740011D537 /* kupo.app */ = {isa = PBXFileReference; explicitFileType = wrapper.application; includeInIndex = 0; path = kupo.app; sourceTree = BUILT_PRODUCTS_DIR; };
		B9267FF029986C740011D537 /* kupoApp.swift */ = {isa = PBXFileReference; lastKnownFileType = sourcecode.swift; path = kupoApp.swift; sourceTree = "<group>"; };
		B9267FF229986C740011D537 /* ContentView.swift */ = {isa = PBXFileReference; lastKnownFileType = sourcecode.swift; path = ContentView.swift; sourceTree = "<group>"; };
		B9267FF429986C760011D537 /* Assets.xcassets */ = {isa = PBXFileReference; lastKnownFileType = folder.assetcatalog; path = Assets.xcassets; sourceTree = "<group>"; };
		B9267FF729986C760011D537 /* Preview Assets.xcassets */ = {isa = PBXFileReference; lastKnownFileType = folder.assetcatalog; path = "Preview Assets.xcassets"; sourceTree = "<group>"; };
		B9267FF929986C760011D537 /* Persistence.swift */ = {isa = PBXFileReference; lastKnownFileType = sourcecode.swift; path = Persistence.swift; sourceTree = "<group>"; };
		B9267FFC29986C760011D537 /* kupo.xcdatamodel */ = {isa = PBXFileReference; lastKnownFileType = wrapper.xcdatamodel; path = kupo.xcdatamodel; sourceTree = "<group>"; };
		B9267FFE29986C760011D537 /* Info.plist */ = {isa = PBXFileReference; lastKnownFileType = text.plist.xml; path = Info.plist; sourceTree = "<group>"; };
		B926800329986C760011D537 /* kupoTests.xctest */ = {isa = PBXFileReference; explicitFileType = wrapper.cfbundle; includeInIndex = 0; path = kupoTests.xctest; sourceTree = BUILT_PRODUCTS_DIR; };
		B926800729986C760011D537 /* kupoTests.swift */ = {isa = PBXFileReference; lastKnownFileType = sourcecode.swift; path = kupoTests.swift; sourceTree = "<group>"; };
		B926800D29986C760011D537 /* kupoUITests.xctest */ = {isa = PBXFileReference; explicitFileType = wrapper.cfbundle; includeInIndex = 0; path = kupoUITests.xctest; sourceTree = BUILT_PRODUCTS_DIR; };
		B926801129986C760011D537 /* kupoUITests.swift */ = {isa = PBXFileReference; lastKnownFileType = sourcecode.swift; path = kupoUITests.swift; sourceTree = "<group>"; };
		B926801329986C760011D537 /* kupoUITestsLaunchTests.swift */ = {isa = PBXFileReference; lastKnownFileType = sourcecode.swift; path = kupoUITestsLaunchTests.swift; sourceTree = "<group>"; };
		B926802029986E790011D537 /* NavigationPanel.swift */ = {isa = PBXFileReference; lastKnownFileType = sourcecode.swift; path = NavigationPanel.swift; sourceTree = "<group>"; };
		B9268022299874930011D537 /* UserPortrait.swift */ = {isa = PBXFileReference; lastKnownFileType = sourcecode.swift; path = UserPortrait.swift; sourceTree = "<group>"; };
		B926802429987F960011D537 /* ArchiveFile.swift */ = {isa = PBXFileReference; lastKnownFileType = sourcecode.swift; path = ArchiveFile.swift; sourceTree = "<group>"; };
		B9268027299880B70011D537 /* ContentItem.swift */ = {isa = PBXFileReference; lastKnownFileType = sourcecode.swift; path = ContentItem.swift; sourceTree = "<group>"; };
		B926802A299881520011D537 /* ContentItemImage.swift */ = {isa = PBXFileReference; lastKnownFileType = sourcecode.swift; path = ContentItemImage.swift; sourceTree = "<group>"; };
		B926802C2998867C0011D537 /* ContentItemHeader.swift */ = {isa = PBXFileReference; lastKnownFileType = sourcecode.swift; path = ContentItemHeader.swift; sourceTree = "<group>"; };
		B926802E2998882D0011D537 /* ContentItemFooter.swift */ = {isa = PBXFileReference; lastKnownFileType = sourcecode.swift; path = ContentItemFooter.swift; sourceTree = "<group>"; };
		B9268030299888470011D537 /* ContentItemFooterHashtagsRow.swift */ = {isa = PBXFileReference; lastKnownFileType = sourcecode.swift; path = ContentItemFooterHashtagsRow.swift; sourceTree = "<group>"; };
		B926803229988B5A0011D537 /* ContentItemFooterIconsRow.swift */ = {isa = PBXFileReference; lastKnownFileType = sourcecode.swift; path = ContentItemFooterIconsRow.swift; sourceTree = "<group>"; };
		B92680342998B0A30011D537 /* Login.swift */ = {isa = PBXFileReference; lastKnownFileType = sourcecode.swift; path = Login.swift; sourceTree = "<group>"; };
		B92680372999446E0011D537 /* TextInput.swift */ = {isa = PBXFileReference; lastKnownFileType = sourcecode.swift; path = TextInput.swift; sourceTree = "<group>"; };
		B9478EF829995C3500B1584C /* code_gen_output */ = {isa = PBXFileReference; lastKnownFileType = wrapper; path = code_gen_output; sourceTree = "<group>"; };
/* End PBXFileReference section */

/* Begin PBXFrameworksBuildPhase section */
		B9267FEA29986C740011D537 /* Frameworks */ = {
			isa = PBXFrameworksBuildPhase;
			buildActionMask = 2147483647;
			files = (
				B9478EFB2999F57A00B1584C /* OpenAPIClient in Frameworks */,
			);
			runOnlyForDeploymentPostprocessing = 0;
		};
		B926800029986C760011D537 /* Frameworks */ = {
			isa = PBXFrameworksBuildPhase;
			buildActionMask = 2147483647;
			files = (
			);
			runOnlyForDeploymentPostprocessing = 0;
		};
		B926800A29986C760011D537 /* Frameworks */ = {
			isa = PBXFrameworksBuildPhase;
			buildActionMask = 2147483647;
			files = (
			);
			runOnlyForDeploymentPostprocessing = 0;
		};
/* End PBXFrameworksBuildPhase section */

/* Begin PBXGroup section */
		B9267FE429986C740011D537 = {
			isa = PBXGroup;
			children = (
				B9478EF529995A7C00B1584C /* Packages */,
				B9267FEF29986C740011D537 /* kupo */,
				B926800629986C760011D537 /* kupoTests */,
				B926801029986C760011D537 /* kupoUITests */,
				B9267FEE29986C740011D537 /* Products */,
				B9478EF92999F57A00B1584C /* Frameworks */,
			);
			sourceTree = "<group>";
		};
		B9267FEE29986C740011D537 /* Products */ = {
			isa = PBXGroup;
			children = (
				B9267FED29986C740011D537 /* kupo.app */,
				B926800329986C760011D537 /* kupoTests.xctest */,
				B926800D29986C760011D537 /* kupoUITests.xctest */,
			);
			name = Products;
			sourceTree = "<group>";
		};
		B9267FEF29986C740011D537 /* kupo */ = {
			isa = PBXGroup;
			children = (
				B92680262998808E0011D537 /* Views */,
				B9267FF029986C740011D537 /* kupoApp.swift */,
				B9267FF229986C740011D537 /* ContentView.swift */,
				B926802429987F960011D537 /* ArchiveFile.swift */,
				B9267FF429986C760011D537 /* Assets.xcassets */,
				B9267FF929986C760011D537 /* Persistence.swift */,
				B9267FFE29986C760011D537 /* Info.plist */,
				B9267FFB29986C760011D537 /* kupo.xcdatamodeld */,
				B9267FF629986C760011D537 /* Preview Content */,
			);
			path = kupo;
			sourceTree = "<group>";
		};
		B9267FF629986C760011D537 /* Preview Content */ = {
			isa = PBXGroup;
			children = (
				B9267FF729986C760011D537 /* Preview Assets.xcassets */,
			);
			path = "Preview Content";
			sourceTree = "<group>";
		};
		B926800629986C760011D537 /* kupoTests */ = {
			isa = PBXGroup;
			children = (
				B926800729986C760011D537 /* kupoTests.swift */,
			);
			path = kupoTests;
			sourceTree = "<group>";
		};
		B926801029986C760011D537 /* kupoUITests */ = {
			isa = PBXGroup;
			children = (
				B926801129986C760011D537 /* kupoUITests.swift */,
				B926801329986C760011D537 /* kupoUITestsLaunchTests.swift */,
			);
			path = kupoUITests;
			sourceTree = "<group>";
		};
		B92680262998808E0011D537 /* Views */ = {
			isa = PBXGroup;
			children = (
				B9268036299942900011D537 /* Components */,
				B9268022299874930011D537 /* UserPortrait.swift */,
				B926802029986E790011D537 /* NavigationPanel.swift */,
				B9268029299880DB0011D537 /* ContentItem */,
				B92680342998B0A30011D537 /* Login.swift */,
			);
			path = Views;
			sourceTree = "<group>";
		};
		B9268029299880DB0011D537 /* ContentItem */ = {
			isa = PBXGroup;
			children = (
				B9268027299880B70011D537 /* ContentItem.swift */,
				B926802A299881520011D537 /* ContentItemImage.swift */,
				B926802C2998867C0011D537 /* ContentItemHeader.swift */,
				B926802E2998882D0011D537 /* ContentItemFooter.swift */,
				B9268030299888470011D537 /* ContentItemFooterHashtagsRow.swift */,
				B926803229988B5A0011D537 /* ContentItemFooterIconsRow.swift */,
			);
			path = ContentItem;
			sourceTree = "<group>";
		};
		B9268036299942900011D537 /* Components */ = {
			isa = PBXGroup;
			children = (
				B92680372999446E0011D537 /* TextInput.swift */,
			);
			path = Components;
			sourceTree = "<group>";
		};
		B9478EF529995A7C00B1584C /* Packages */ = {
			isa = PBXGroup;
			children = (
				B9478EF829995C3500B1584C /* code_gen_output */,
			);
			name = Packages;
			sourceTree = "<group>";
		};
		B9478EF92999F57A00B1584C /* Frameworks */ = {
			isa = PBXGroup;
			children = (
			);
			name = Frameworks;
			sourceTree = "<group>";
		};
/* End PBXGroup section */

/* Begin PBXNativeTarget section */
		B9267FEC29986C740011D537 /* kupo */ = {
			isa = PBXNativeTarget;
			buildConfigurationList = B926801729986C760011D537 /* Build configuration list for PBXNativeTarget "kupo" */;
			buildPhases = (
				B9267FE929986C740011D537 /* Sources */,
				B9267FEA29986C740011D537 /* Frameworks */,
				B9267FEB29986C740011D537 /* Resources */,
			);
			buildRules = (
			);
			dependencies = (
			);
			name = kupo;
			packageProductDependencies = (
				B9478EFA2999F57A00B1584C /* OpenAPIClient */,
			);
			productName = kupo;
			productReference = B9267FED29986C740011D537 /* kupo.app */;
			productType = "com.apple.product-type.application";
		};
		B926800229986C760011D537 /* kupoTests */ = {
			isa = PBXNativeTarget;
			buildConfigurationList = B926801A29986C760011D537 /* Build configuration list for PBXNativeTarget "kupoTests" */;
			buildPhases = (
				B9267FFF29986C760011D537 /* Sources */,
				B926800029986C760011D537 /* Frameworks */,
				B926800129986C760011D537 /* Resources */,
			);
			buildRules = (
			);
			dependencies = (
				B926800529986C760011D537 /* PBXTargetDependency */,
			);
			name = kupoTests;
			productName = kupoTests;
			productReference = B926800329986C760011D537 /* kupoTests.xctest */;
			productType = "com.apple.product-type.bundle.unit-test";
		};
		B926800C29986C760011D537 /* kupoUITests */ = {
			isa = PBXNativeTarget;
			buildConfigurationList = B926801D29986C760011D537 /* Build configuration list for PBXNativeTarget "kupoUITests" */;
			buildPhases = (
				B926800929986C760011D537 /* Sources */,
				B926800A29986C760011D537 /* Frameworks */,
				B926800B29986C760011D537 /* Resources */,
			);
			buildRules = (
			);
			dependencies = (
				B926800F29986C760011D537 /* PBXTargetDependency */,
			);
			name = kupoUITests;
			productName = kupoUITests;
			productReference = B926800D29986C760011D537 /* kupoUITests.xctest */;
			productType = "com.apple.product-type.bundle.ui-testing";
		};
/* End PBXNativeTarget section */

/* Begin PBXProject section */
		B9267FE529986C740011D537 /* Project object */ = {
			isa = PBXProject;
			attributes = {
				BuildIndependentTargetsInParallel = 1;
				LastSwiftUpdateCheck = 1420;
				LastUpgradeCheck = 1420;
				TargetAttributes = {
					B9267FEC29986C740011D537 = {
						CreatedOnToolsVersion = 14.2;
					};
					B926800229986C760011D537 = {
						CreatedOnToolsVersion = 14.2;
						TestTargetID = B9267FEC29986C740011D537;
					};
					B926800C29986C760011D537 = {
						CreatedOnToolsVersion = 14.2;
						TestTargetID = B9267FEC29986C740011D537;
					};
				};
			};
			buildConfigurationList = B9267FE829986C740011D537 /* Build configuration list for PBXProject "kupo" */;
			compatibilityVersion = "Xcode 14.0";
			developmentRegion = en;
			hasScannedForEncodings = 0;
			knownRegions = (
				en,
				Base,
			);
			mainGroup = B9267FE429986C740011D537;
			productRefGroup = B9267FEE29986C740011D537 /* Products */;
			projectDirPath = "";
			projectRoot = "";
			targets = (
				B9267FEC29986C740011D537 /* kupo */,
				B926800229986C760011D537 /* kupoTests */,
				B926800C29986C760011D537 /* kupoUITests */,
			);
		};
/* End PBXProject section */

/* Begin PBXResourcesBuildPhase section */
		B9267FEB29986C740011D537 /* Resources */ = {
			isa = PBXResourcesBuildPhase;
			buildActionMask = 2147483647;
			files = (
				B9267FF829986C760011D537 /* Preview Assets.xcassets in Resources */,
				B9267FF529986C760011D537 /* Assets.xcassets in Resources */,
			);
			runOnlyForDeploymentPostprocessing = 0;
		};
		B926800129986C760011D537 /* Resources */ = {
			isa = PBXResourcesBuildPhase;
			buildActionMask = 2147483647;
			files = (
			);
			runOnlyForDeploymentPostprocessing = 0;
		};
		B926800B29986C760011D537 /* Resources */ = {
			isa = PBXResourcesBuildPhase;
			buildActionMask = 2147483647;
			files = (
			);
			runOnlyForDeploymentPostprocessing = 0;
		};
/* End PBXResourcesBuildPhase section */

/* Begin PBXSourcesBuildPhase section */
		B9267FE929986C740011D537 /* Sources */ = {
			isa = PBXSourcesBuildPhase;
			buildActionMask = 2147483647;
			files = (
				B9268031299888470011D537 /* ContentItemFooterHashtagsRow.swift in Sources */,
				B9267FFD29986C760011D537 /* kupo.xcdatamodeld in Sources */,
				B926802129986E790011D537 /* NavigationPanel.swift in Sources */,
				B926802F2998882D0011D537 /* ContentItemFooter.swift in Sources */,
				B9267FFA29986C760011D537 /* Persistence.swift in Sources */,
				B926803329988B5A0011D537 /* ContentItemFooterIconsRow.swift in Sources */,
				B926802D2998867C0011D537 /* ContentItemHeader.swift in Sources */,
				B92680352998B0A30011D537 /* Login.swift in Sources */,
				B92680382999446E0011D537 /* TextInput.swift in Sources */,
				B9267FF329986C740011D537 /* ContentView.swift in Sources */,
				B9267FF129986C740011D537 /* kupoApp.swift in Sources */,
				B9268023299874930011D537 /* UserPortrait.swift in Sources */,
				B9268028299880B70011D537 /* ContentItem.swift in Sources */,
				B926802529987F960011D537 /* ArchiveFile.swift in Sources */,
				B926802B299881520011D537 /* ContentItemImage.swift in Sources */,
			);
			runOnlyForDeploymentPostprocessing = 0;
		};
		B9267FFF29986C760011D537 /* Sources */ = {
			isa = PBXSourcesBuildPhase;
			buildActionMask = 2147483647;
			files = (
				B926800829986C760011D537 /* kupoTests.swift in Sources */,
			);
			runOnlyForDeploymentPostprocessing = 0;
		};
		B926800929986C760011D537 /* Sources */ = {
			isa = PBXSourcesBuildPhase;
			buildActionMask = 2147483647;
			files = (
				B926801229986C760011D537 /* kupoUITests.swift in Sources */,
				B926801429986C760011D537 /* kupoUITestsLaunchTests.swift in Sources */,
			);
			runOnlyForDeploymentPostprocessing = 0;
		};
/* End PBXSourcesBuildPhase section */

/* Begin PBXTargetDependency section */
		B926800529986C760011D537 /* PBXTargetDependency */ = {
			isa = PBXTargetDependency;
			target = B9267FEC29986C740011D537 /* kupo */;
			targetProxy = B926800429986C760011D537 /* PBXContainerItemProxy */;
		};
		B926800F29986C760011D537 /* PBXTargetDependency */ = {
			isa = PBXTargetDependency;
			target = B9267FEC29986C740011D537 /* kupo */;
			targetProxy = B926800E29986C760011D537 /* PBXContainerItemProxy */;
		};
/* End PBXTargetDependency section */

/* Begin XCBuildConfiguration section */
		B926801529986C760011D537 /* Debug */ = {
			isa = XCBuildConfiguration;
			buildSettings = {
				ALWAYS_SEARCH_USER_PATHS = NO;
				CLANG_ANALYZER_NONNULL = YES;
				CLANG_ANALYZER_NUMBER_OBJECT_CONVERSION = YES_AGGRESSIVE;
				CLANG_CXX_LANGUAGE_STANDARD = "gnu++20";
				CLANG_ENABLE_MODULES = YES;
				CLANG_ENABLE_OBJC_ARC = YES;
				CLANG_ENABLE_OBJC_WEAK = YES;
				CLANG_WARN_BLOCK_CAPTURE_AUTORELEASING = YES;
				CLANG_WARN_BOOL_CONVERSION = YES;
				CLANG_WARN_COMMA = YES;
				CLANG_WARN_CONSTANT_CONVERSION = YES;
				CLANG_WARN_DEPRECATED_OBJC_IMPLEMENTATIONS = YES;
				CLANG_WARN_DIRECT_OBJC_ISA_USAGE = YES_ERROR;
				CLANG_WARN_DOCUMENTATION_COMMENTS = YES;
				CLANG_WARN_EMPTY_BODY = YES;
				CLANG_WARN_ENUM_CONVERSION = YES;
				CLANG_WARN_INFINITE_RECURSION = YES;
				CLANG_WARN_INT_CONVERSION = YES;
				CLANG_WARN_NON_LITERAL_NULL_CONVERSION = YES;
				CLANG_WARN_OBJC_IMPLICIT_RETAIN_SELF = YES;
				CLANG_WARN_OBJC_LITERAL_CONVERSION = YES;
				CLANG_WARN_OBJC_ROOT_CLASS = YES_ERROR;
				CLANG_WARN_QUOTED_INCLUDE_IN_FRAMEWORK_HEADER = YES;
				CLANG_WARN_RANGE_LOOP_ANALYSIS = YES;
				CLANG_WARN_STRICT_PROTOTYPES = YES;
				CLANG_WARN_SUSPICIOUS_MOVE = YES;
				CLANG_WARN_UNGUARDED_AVAILABILITY = YES_AGGRESSIVE;
				CLANG_WARN_UNREACHABLE_CODE = YES;
				CLANG_WARN__DUPLICATE_METHOD_MATCH = YES;
				COPY_PHASE_STRIP = NO;
				DEBUG_INFORMATION_FORMAT = dwarf;
				ENABLE_STRICT_OBJC_MSGSEND = YES;
				ENABLE_TESTABILITY = YES;
				GCC_C_LANGUAGE_STANDARD = gnu11;
				GCC_DYNAMIC_NO_PIC = NO;
				GCC_NO_COMMON_BLOCKS = YES;
				GCC_OPTIMIZATION_LEVEL = 0;
				GCC_PREPROCESSOR_DEFINITIONS = (
					"DEBUG=1",
					"$(inherited)",
				);
				GCC_WARN_64_TO_32_BIT_CONVERSION = YES;
				GCC_WARN_ABOUT_RETURN_TYPE = YES_ERROR;
				GCC_WARN_UNDECLARED_SELECTOR = YES;
				GCC_WARN_UNINITIALIZED_AUTOS = YES_AGGRESSIVE;
				GCC_WARN_UNUSED_FUNCTION = YES;
				GCC_WARN_UNUSED_VARIABLE = YES;
				IPHONEOS_DEPLOYMENT_TARGET = 16.2;
				MTL_ENABLE_DEBUG_INFO = INCLUDE_SOURCE;
				MTL_FAST_MATH = YES;
				ONLY_ACTIVE_ARCH = YES;
				SDKROOT = iphoneos;
				SWIFT_ACTIVE_COMPILATION_CONDITIONS = DEBUG;
				SWIFT_OPTIMIZATION_LEVEL = "-Onone";
			};
			name = Debug;
		};
		B926801629986C760011D537 /* Release */ = {
			isa = XCBuildConfiguration;
			buildSettings = {
				ALWAYS_SEARCH_USER_PATHS = NO;
				CLANG_ANALYZER_NONNULL = YES;
				CLANG_ANALYZER_NUMBER_OBJECT_CONVERSION = YES_AGGRESSIVE;
				CLANG_CXX_LANGUAGE_STANDARD = "gnu++20";
				CLANG_ENABLE_MODULES = YES;
				CLANG_ENABLE_OBJC_ARC = YES;
				CLANG_ENABLE_OBJC_WEAK = YES;
				CLANG_WARN_BLOCK_CAPTURE_AUTORELEASING = YES;
				CLANG_WARN_BOOL_CONVERSION = YES;
				CLANG_WARN_COMMA = YES;
				CLANG_WARN_CONSTANT_CONVERSION = YES;
				CLANG_WARN_DEPRECATED_OBJC_IMPLEMENTATIONS = YES;
				CLANG_WARN_DIRECT_OBJC_ISA_USAGE = YES_ERROR;
				CLANG_WARN_DOCUMENTATION_COMMENTS = YES;
				CLANG_WARN_EMPTY_BODY = YES;
				CLANG_WARN_ENUM_CONVERSION = YES;
				CLANG_WARN_INFINITE_RECURSION = YES;
				CLANG_WARN_INT_CONVERSION = YES;
				CLANG_WARN_NON_LITERAL_NULL_CONVERSION = YES;
				CLANG_WARN_OBJC_IMPLICIT_RETAIN_SELF = YES;
				CLANG_WARN_OBJC_LITERAL_CONVERSION = YES;
				CLANG_WARN_OBJC_ROOT_CLASS = YES_ERROR;
				CLANG_WARN_QUOTED_INCLUDE_IN_FRAMEWORK_HEADER = YES;
				CLANG_WARN_RANGE_LOOP_ANALYSIS = YES;
				CLANG_WARN_STRICT_PROTOTYPES = YES;
				CLANG_WARN_SUSPICIOUS_MOVE = YES;
				CLANG_WARN_UNGUARDED_AVAILABILITY = YES_AGGRESSIVE;
				CLANG_WARN_UNREACHABLE_CODE = YES;
				CLANG_WARN__DUPLICATE_METHOD_MATCH = YES;
				COPY_PHASE_STRIP = NO;
				DEBUG_INFORMATION_FORMAT = "dwarf-with-dsym";
				ENABLE_NS_ASSERTIONS = NO;
				ENABLE_STRICT_OBJC_MSGSEND = YES;
				GCC_C_LANGUAGE_STANDARD = gnu11;
				GCC_NO_COMMON_BLOCKS = YES;
				GCC_WARN_64_TO_32_BIT_CONVERSION = YES;
				GCC_WARN_ABOUT_RETURN_TYPE = YES_ERROR;
				GCC_WARN_UNDECLARED_SELECTOR = YES;
				GCC_WARN_UNINITIALIZED_AUTOS = YES_AGGRESSIVE;
				GCC_WARN_UNUSED_FUNCTION = YES;
				GCC_WARN_UNUSED_VARIABLE = YES;
				IPHONEOS_DEPLOYMENT_TARGET = 16.2;
				MTL_ENABLE_DEBUG_INFO = NO;
				MTL_FAST_MATH = YES;
				SDKROOT = iphoneos;
				SWIFT_COMPILATION_MODE = wholemodule;
				SWIFT_OPTIMIZATION_LEVEL = "-O";
				VALIDATE_PRODUCT = YES;
			};
			name = Release;
		};
		B926801829986C760011D537 /* Debug */ = {
			isa = XCBuildConfiguration;
			buildSettings = {
				ASSETCATALOG_COMPILER_APPICON_NAME = AppIcon;
				ASSETCATALOG_COMPILER_GLOBAL_ACCENT_COLOR_NAME = AccentColor;
				CODE_SIGN_STYLE = Automatic;
				CURRENT_PROJECT_VERSION = 1;
				DEVELOPMENT_ASSET_PATHS = "\"kupo/Preview Content\"";
				ENABLE_PREVIEWS = YES;
				GENERATE_INFOPLIST_FILE = YES;
				INFOPLIST_KEY_UIApplicationSceneManifest_Generation = YES;
				INFOPLIST_KEY_UIApplicationSupportsIndirectInputEvents = YES;
				INFOPLIST_KEY_UILaunchScreen_Generation = YES;
				INFOPLIST_KEY_UISupportedInterfaceOrientations_iPad = "UIInterfaceOrientationPortrait UIInterfaceOrientationPortraitUpsideDown UIInterfaceOrientationLandscapeLeft UIInterfaceOrientationLandscapeRight";
				INFOPLIST_KEY_UISupportedInterfaceOrientations_iPhone = "UIInterfaceOrientationPortrait UIInterfaceOrientationLandscapeLeft UIInterfaceOrientationLandscapeRight";
				LD_RUNPATH_SEARCH_PATHS = (
					"$(inherited)",
					"@executable_path/Frameworks",
				);
				MARKETING_VERSION = 1.0;
				PRODUCT_BUNDLE_IDENTIFIER = valoriyan.kupo;
				PRODUCT_NAME = "$(TARGET_NAME)";
				SWIFT_EMIT_LOC_STRINGS = YES;
				SWIFT_VERSION = 5.0;
				TARGETED_DEVICE_FAMILY = "1,2";
			};
			name = Debug;
		};
		B926801929986C760011D537 /* Release */ = {
			isa = XCBuildConfiguration;
			buildSettings = {
				ASSETCATALOG_COMPILER_APPICON_NAME = AppIcon;
				ASSETCATALOG_COMPILER_GLOBAL_ACCENT_COLOR_NAME = AccentColor;
				CODE_SIGN_STYLE = Automatic;
				CURRENT_PROJECT_VERSION = 1;
				DEVELOPMENT_ASSET_PATHS = "\"kupo/Preview Content\"";
				ENABLE_PREVIEWS = YES;
				GENERATE_INFOPLIST_FILE = YES;
				INFOPLIST_KEY_UIApplicationSceneManifest_Generation = YES;
				INFOPLIST_KEY_UIApplicationSupportsIndirectInputEvents = YES;
				INFOPLIST_KEY_UILaunchScreen_Generation = YES;
				INFOPLIST_KEY_UISupportedInterfaceOrientations_iPad = "UIInterfaceOrientationPortrait UIInterfaceOrientationPortraitUpsideDown UIInterfaceOrientationLandscapeLeft UIInterfaceOrientationLandscapeRight";
				INFOPLIST_KEY_UISupportedInterfaceOrientations_iPhone = "UIInterfaceOrientationPortrait UIInterfaceOrientationLandscapeLeft UIInterfaceOrientationLandscapeRight";
				LD_RUNPATH_SEARCH_PATHS = (
					"$(inherited)",
					"@executable_path/Frameworks",
				);
				MARKETING_VERSION = 1.0;
				PRODUCT_BUNDLE_IDENTIFIER = valoriyan.kupo;
				PRODUCT_NAME = "$(TARGET_NAME)";
				SWIFT_EMIT_LOC_STRINGS = YES;
				SWIFT_VERSION = 5.0;
				TARGETED_DEVICE_FAMILY = "1,2";
			};
			name = Release;
		};
		B926801B29986C760011D537 /* Debug */ = {
			isa = XCBuildConfiguration;
			buildSettings = {
				ALWAYS_EMBED_SWIFT_STANDARD_LIBRARIES = YES;
				BUNDLE_LOADER = "$(TEST_HOST)";
				CODE_SIGN_STYLE = Automatic;
				CURRENT_PROJECT_VERSION = 1;
				GENERATE_INFOPLIST_FILE = YES;
				IPHONEOS_DEPLOYMENT_TARGET = 16.2;
				MARKETING_VERSION = 1.0;
				PRODUCT_BUNDLE_IDENTIFIER = valoriyan.kupoTests;
				PRODUCT_NAME = "$(TARGET_NAME)";
				SWIFT_EMIT_LOC_STRINGS = NO;
				SWIFT_VERSION = 5.0;
				TARGETED_DEVICE_FAMILY = "1,2";
				TEST_HOST = "$(BUILT_PRODUCTS_DIR)/kupo.app/$(BUNDLE_EXECUTABLE_FOLDER_PATH)/kupo";
			};
			name = Debug;
		};
		B926801C29986C760011D537 /* Release */ = {
			isa = XCBuildConfiguration;
			buildSettings = {
				ALWAYS_EMBED_SWIFT_STANDARD_LIBRARIES = YES;
				BUNDLE_LOADER = "$(TEST_HOST)";
				CODE_SIGN_STYLE = Automatic;
				CURRENT_PROJECT_VERSION = 1;
				GENERATE_INFOPLIST_FILE = YES;
				IPHONEOS_DEPLOYMENT_TARGET = 16.2;
				MARKETING_VERSION = 1.0;
				PRODUCT_BUNDLE_IDENTIFIER = valoriyan.kupoTests;
				PRODUCT_NAME = "$(TARGET_NAME)";
				SWIFT_EMIT_LOC_STRINGS = NO;
				SWIFT_VERSION = 5.0;
				TARGETED_DEVICE_FAMILY = "1,2";
				TEST_HOST = "$(BUILT_PRODUCTS_DIR)/kupo.app/$(BUNDLE_EXECUTABLE_FOLDER_PATH)/kupo";
			};
			name = Release;
		};
		B926801E29986C760011D537 /* Debug */ = {
			isa = XCBuildConfiguration;
			buildSettings = {
				ALWAYS_EMBED_SWIFT_STANDARD_LIBRARIES = YES;
				CODE_SIGN_STYLE = Automatic;
				CURRENT_PROJECT_VERSION = 1;
				GENERATE_INFOPLIST_FILE = YES;
				MARKETING_VERSION = 1.0;
				PRODUCT_BUNDLE_IDENTIFIER = valoriyan.kupoUITests;
				PRODUCT_NAME = "$(TARGET_NAME)";
				SWIFT_EMIT_LOC_STRINGS = NO;
				SWIFT_VERSION = 5.0;
				TARGETED_DEVICE_FAMILY = "1,2";
				TEST_TARGET_NAME = kupo;
			};
			name = Debug;
		};
		B926801F29986C760011D537 /* Release */ = {
			isa = XCBuildConfiguration;
			buildSettings = {
				ALWAYS_EMBED_SWIFT_STANDARD_LIBRARIES = YES;
				CODE_SIGN_STYLE = Automatic;
				CURRENT_PROJECT_VERSION = 1;
				GENERATE_INFOPLIST_FILE = YES;
				MARKETING_VERSION = 1.0;
				PRODUCT_BUNDLE_IDENTIFIER = valoriyan.kupoUITests;
				PRODUCT_NAME = "$(TARGET_NAME)";
				SWIFT_EMIT_LOC_STRINGS = NO;
				SWIFT_VERSION = 5.0;
				TARGETED_DEVICE_FAMILY = "1,2";
				TEST_TARGET_NAME = kupo;
			};
			name = Release;
		};
/* End XCBuildConfiguration section */

/* Begin XCConfigurationList section */
		B9267FE829986C740011D537 /* Build configuration list for PBXProject "kupo" */ = {
			isa = XCConfigurationList;
			buildConfigurations = (
				B926801529986C760011D537 /* Debug */,
				B926801629986C760011D537 /* Release */,
			);
			defaultConfigurationIsVisible = 0;
			defaultConfigurationName = Release;
		};
		B926801729986C760011D537 /* Build configuration list for PBXNativeTarget "kupo" */ = {
			isa = XCConfigurationList;
			buildConfigurations = (
				B926801829986C760011D537 /* Debug */,
				B926801929986C760011D537 /* Release */,
			);
			defaultConfigurationIsVisible = 0;
			defaultConfigurationName = Release;
		};
		B926801A29986C760011D537 /* Build configuration list for PBXNativeTarget "kupoTests" */ = {
			isa = XCConfigurationList;
			buildConfigurations = (
				B926801B29986C760011D537 /* Debug */,
				B926801C29986C760011D537 /* Release */,
			);
			defaultConfigurationIsVisible = 0;
			defaultConfigurationName = Release;
		};
		B926801D29986C760011D537 /* Build configuration list for PBXNativeTarget "kupoUITests" */ = {
			isa = XCConfigurationList;
			buildConfigurations = (
				B926801E29986C760011D537 /* Debug */,
				B926801F29986C760011D537 /* Release */,
			);
			defaultConfigurationIsVisible = 0;
			defaultConfigurationName = Release;
		};
/* End XCConfigurationList section */

/* Begin XCSwiftPackageProductDependency section */
		B9478EFA2999F57A00B1584C /* OpenAPIClient */ = {
			isa = XCSwiftPackageProductDependency;
			productName = OpenAPIClient;
		};
/* End XCSwiftPackageProductDependency section */

/* Begin XCVersionGroup section */
		B9267FFB29986C760011D537 /* kupo.xcdatamodeld */ = {
			isa = XCVersionGroup;
			children = (
				B9267FFC29986C760011D537 /* kupo.xcdatamodel */,
			);
			currentVersion = B9267FFC29986C760011D537 /* kupo.xcdatamodel */;
			path = kupo.xcdatamodeld;
			sourceTree = "<group>";
			versionGroupType = wrapper.xcdatamodel;
		};
/* End XCVersionGroup section */
	};
	rootObject = B9267FE529986C740011D537 /* Project object */;
}
