{
  "version": 4,
  "terraform_version": "1.3.6",
  "serial": 74,
  "lineage": "09278a48-b776-4741-0648-1a89a663e386",
  "outputs": {},
  "resources": [
    {
      "mode": "data",
      "type": "google_iam_policy",
      "name": "noauth",
      "provider": "provider[\"registry.terraform.io/hashicorp/google\"]",
      "instances": [
        {
          "schema_version": 0,
          "attributes": {
            "audit_config": null,
            "binding": [
              {
                "condition": [],
                "members": [
                  "allUsers"
                ],
                "role": "roles/run.invoker"
              }
            ],
            "id": "3450855414",
            "policy_data": "{\"bindings\":[{\"members\":[\"allUsers\"],\"role\":\"roles/run.invoker\"}]}"
          },
          "sensitive_attributes": []
        }
      ]
    },
    {
      "mode": "data",
      "type": "google_project",
      "name": "project",
      "provider": "provider[\"registry.terraform.io/hashicorp/google\"]",
      "instances": [
        {
          "schema_version": 0,
          "attributes": {
            "auto_create_network": null,
            "billing_account": null,
            "folder_id": "",
            "id": "projects/valoriyan",
            "labels": {},
            "name": "valoriyan",
            "number": "1074381951883",
            "org_id": "490434975025",
            "project_id": "valoriyan",
            "skip_delete": null
          },
          "sensitive_attributes": []
        }
      ]
    },
    {
      "mode": "managed",
      "type": "google_cloud_run_domain_mapping",
      "name": "kupo_beta_backend",
      "provider": "provider[\"registry.terraform.io/hashicorp/google\"]",
      "instances": [
        {
          "schema_version": 0,
          "attributes": {
            "id": "locations/us-east4/namespaces/valoriyan/domainmappings/beta-api.kupo.social",
            "location": "us-east4",
            "metadata": [
              {
                "annotations": {
                  "serving.knative.dev/creator": "terraform-julian-local@valoriyan.iam.gserviceaccount.com",
                  "serving.knative.dev/lastModifier": "terraform-julian-local@valoriyan.iam.gserviceaccount.com"
                },
                "generation": 1,
                "labels": {
                  "cloud.googleapis.com/location": "us-east4",
                  "run.googleapis.com/overrideAt": "2022-12-15T13:19:02.522Z"
                },
                "namespace": "valoriyan",
                "resource_version": "AAXv3nvXbRA",
                "self_link": "/apis/domains.cloudrun.com/v1/namespaces/1074381951883/domainmappings/beta-api.kupo.social",
                "uid": "6caec4ee-c526-44d8-9f51-4e21b1b1f3cc"
              }
            ],
            "name": "beta-api.kupo.social",
            "project": "valoriyan",
            "spec": [
              {
                "certificate_mode": "AUTOMATIC",
                "force_override": false,
                "route_name": "kupo-beta-backend"
              }
            ],
            "status": [
              {
                "conditions": [
                  {
                    "message": "",
                    "reason": "",
                    "status": "True",
                    "type": "Ready"
                  },
                  {
                    "message": "",
                    "reason": "",
                    "status": "True",
                    "type": "CertificateProvisioned"
                  },
                  {
                    "message": "",
                    "reason": "",
                    "status": "True",
                    "type": "DomainRoutable"
                  }
                ],
                "mapped_route_name": "kupo-beta-backend",
                "observed_generation": 1,
                "resource_records": [
                  {
                    "name": "beta-api",
                    "rrdata": "ghs.googlehosted.com.",
                    "type": "CNAME"
                  }
                ]
              }
            ],
            "timeouts": null
          },
          "sensitive_attributes": [],
          "private": "eyJlMmJmYjczMC1lY2FhLTExZTYtOGY4OC0zNDM2M2JjN2M0YzAiOnsiY3JlYXRlIjoxMjAwMDAwMDAwMDAwLCJkZWxldGUiOjEyMDAwMDAwMDAwMDB9fQ==",
          "dependencies": [
            "data.google_project.project",
            "google_cloud_run_service.kupo_beta_backend",
            "google_compute_network.default",
            "google_compute_subnetwork.kupo_beta",
            "google_project_service.vpc",
            "google_vpc_access_connector.kupo_beta_backend"
          ]
        }
      ]
    },
    {
      "mode": "managed",
      "type": "google_cloud_run_domain_mapping",
      "name": "kupo_beta_frontend",
      "provider": "provider[\"registry.terraform.io/hashicorp/google\"]",
      "instances": [
        {
          "schema_version": 0,
          "attributes": {
            "id": "locations/us-east4/namespaces/valoriyan/domainmappings/beta.kupo.social",
            "location": "us-east4",
            "metadata": [
              {
                "annotations": {
                  "serving.knative.dev/creator": "terraform-julian-local@valoriyan.iam.gserviceaccount.com",
                  "serving.knative.dev/lastModifier": "terraform-julian-local@valoriyan.iam.gserviceaccount.com"
                },
                "generation": 1,
                "labels": {
                  "cloud.googleapis.com/location": "us-east4",
                  "run.googleapis.com/overrideAt": "2022-12-15T13:19:05.814Z"
                },
                "namespace": "valoriyan",
                "resource_version": "AAXv3ezIFqY",
                "self_link": "/apis/domains.cloudrun.com/v1/namespaces/1074381951883/domainmappings/beta.kupo.social",
                "uid": "749ee892-ad3f-4bf1-802a-fcf800f48a7f"
              }
            ],
            "name": "beta.kupo.social",
            "project": "valoriyan",
            "spec": [
              {
                "certificate_mode": "AUTOMATIC",
                "force_override": false,
                "route_name": "kupo-beta-frontend"
              }
            ],
            "status": [
              {
                "conditions": [
                  {
                    "message": "",
                    "reason": "",
                    "status": "True",
                    "type": "Ready"
                  },
                  {
                    "message": "",
                    "reason": "",
                    "status": "True",
                    "type": "CertificateProvisioned"
                  },
                  {
                    "message": "",
                    "reason": "",
                    "status": "True",
                    "type": "DomainRoutable"
                  }
                ],
                "mapped_route_name": "kupo-beta-frontend",
                "observed_generation": 1,
                "resource_records": [
                  {
                    "name": "beta",
                    "rrdata": "ghs.googlehosted.com.",
                    "type": "CNAME"
                  }
                ]
              }
            ],
            "timeouts": null
          },
          "sensitive_attributes": [],
          "private": "eyJlMmJmYjczMC1lY2FhLTExZTYtOGY4OC0zNDM2M2JjN2M0YzAiOnsiY3JlYXRlIjoxMjAwMDAwMDAwMDAwLCJkZWxldGUiOjEyMDAwMDAwMDAwMDB9fQ==",
          "dependencies": [
            "data.google_project.project",
            "google_cloud_run_service.kupo_beta_frontend",
            "google_compute_network.default",
            "google_compute_subnetwork.kupo_beta",
            "google_project_service.vpc",
            "google_vpc_access_connector.kupo_beta_backend"
          ]
        }
      ]
    },
    {
      "mode": "managed",
      "type": "google_cloud_run_service",
      "name": "kupo_beta_backend",
      "provider": "provider[\"registry.terraform.io/hashicorp/google\"]",
      "instances": [
        {
          "schema_version": 1,
          "attributes": {
            "autogenerate_revision_name": false,
            "id": "locations/us-east4/namespaces/valoriyan/services/kupo-beta-backend",
            "location": "us-east4",
            "metadata": [
              {
                "annotations": {
                  "run.googleapis.com/ingress": "all",
                  "run.googleapis.com/ingress-status": "all",
                  "serving.knative.dev/creator": "terraform-julian-local@valoriyan.iam.gserviceaccount.com",
                  "serving.knative.dev/lastModifier": "dev@valoriyan.com"
                },
                "generation": 8,
                "labels": {
                  "cloud.googleapis.com/location": "us-east4"
                },
                "namespace": "valoriyan",
                "resource_version": "AAXw8MzS+70",
                "self_link": "/apis/serving.knative.dev/v1/namespaces/1074381951883/services/kupo-beta-backend",
                "uid": "bff577e9-a28d-422f-961e-dbce5f958420"
              }
            ],
            "name": "kupo-beta-backend",
            "project": "valoriyan",
            "status": [
              {
                "conditions": [
                  {
                    "message": "",
                    "reason": "",
                    "status": "True",
                    "type": "Ready"
                  },
                  {
                    "message": "",
                    "reason": "",
                    "status": "True",
                    "type": "ConfigurationsReady"
                  },
                  {
                    "message": "",
                    "reason": "",
                    "status": "True",
                    "type": "RoutesReady"
                  }
                ],
                "latest_created_revision_name": "kupo-beta-backend-00008-seh",
                "latest_ready_revision_name": "kupo-beta-backend-00008-seh",
                "observed_generation": 8,
                "url": "https://kupo-beta-backend-elmq72nyia-uk.a.run.app"
              }
            ],
            "template": [
              {
                "metadata": [
                  {
                    "annotations": {
                      "autoscaling.knative.dev/maxScale": "5",
                      "autoscaling.knative.dev/minScale": "1",
                      "run.googleapis.com/vpc-access-connector": "kupo-beta-backend-conn",
                      "run.googleapis.com/vpc-access-egress": "all-traffic"
                    },
                    "generation": 0,
                    "labels": {},
                    "name": "kupo-beta-backend-00008-seh",
                    "namespace": "",
                    "resource_version": "",
                    "self_link": "",
                    "uid": ""
                  }
                ],
                "spec": [
                  {
                    "container_concurrency": 80,
                    "containers": [
                      {
                        "args": [],
                        "command": [],
                        "env": [
                          {
                            "name": "APPNAME",
                            "value": "kupo-beta-backend",
                            "value_from": []
                          },
                          {
                            "name": "DATABASE_NAME",
                            "value": "df8br9he9qkh1s",
                            "value_from": []
                          },
                          {
                            "name": "DATABASE_URL",
                            "value": "",
                            "value_from": [
                              {
                                "secret_key_ref": [
                                  {
                                    "key": "latest",
                                    "name": "kupo_beta_backend_DATABASE_URL"
                                  }
                                ]
                              }
                            ]
                          },
                          {
                            "name": "FRONTEND_BASE_URL",
                            "value": "https://beta.kupo.social",
                            "value_from": []
                          },
                          {
                            "name": "IMPLEMENTED_BLOB_STORAGE_SERVICE_TYPE",
                            "value": "WASABI",
                            "value_from": []
                          },
                          {
                            "name": "IMPLEMENTED_DATABASE_SERVICE_TYPE",
                            "value": "REMOTE_POSTGRES",
                            "value_from": []
                          },
                          {
                            "name": "IMPLEMENTED_EMAIL_SERVICE_TYPE",
                            "value": "SEND_GRID",
                            "value_from": []
                          },
                          {
                            "name": "JWT_PRIVATE_KEY",
                            "value": null,
                            "value_from": [
                              {
                                "secret_key_ref": [
                                  {
                                    "key": "latest",
                                    "name": "kupo_beta_backend_JWT_PRIVATE_KEY"
                                  }
                                ]
                              }
                            ]
                          },
                          {
                            "name": "LOCAL_BLOB_STORAGE_DIRECTORY",
                            "value": "tmp",
                            "value_from": []
                          },
                          {
                            "name": "NODE_OPTIONS",
                            "value": "--max_old_space_size=2560",
                            "value_from": []
                          },
                          {
                            "name": "PRODUCTION_ENVIRONMENT",
                            "value": "beta",
                            "value_from": []
                          },
                          {
                            "name": "SALT",
                            "value": null,
                            "value_from": [
                              {
                                "secret_key_ref": [
                                  {
                                    "key": "latest",
                                    "name": "kupo_beta_backend_SALT"
                                  }
                                ]
                              }
                            ]
                          },
                          {
                            "name": "SECURION_PAY_PRIVATE_KEY",
                            "value": null,
                            "value_from": [
                              {
                                "secret_key_ref": [
                                  {
                                    "key": "latest",
                                    "name": "kupo_beta_backend_SECURION_PAY_PRIVATE_KEY"
                                  }
                                ]
                              }
                            ]
                          },
                          {
                            "name": "SENDGRID_API_KEY",
                            "value": null,
                            "value_from": [
                              {
                                "secret_key_ref": [
                                  {
                                    "key": "latest",
                                    "name": "kupo_beta_backend_SENDGRID_API_KEY"
                                  }
                                ]
                              }
                            ]
                          },
                          {
                            "name": "WASABI_ACCESS_KEY",
                            "value": null,
                            "value_from": [
                              {
                                "secret_key_ref": [
                                  {
                                    "key": "latest",
                                    "name": "kupo_beta_backend_WASABI_ACCESS_KEY"
                                  }
                                ]
                              }
                            ]
                          },
                          {
                            "name": "WASABI_BUCKET",
                            "value": "kupo-beta",
                            "value_from": []
                          },
                          {
                            "name": "WASABI_BUCKET_REGION",
                            "value": "us-east-2",
                            "value_from": []
                          },
                          {
                            "name": "WASABI_SECRET_ACCESS_KEY",
                            "value": null,
                            "value_from": [
                              {
                                "secret_key_ref": [
                                  {
                                    "key": "latest",
                                    "name": "kupo_beta_backend_WASABI_SECRET_ACCESS_KEY"
                                  }
                                ]
                              }
                            ]
                          }
                        ],
                        "env_from": [],
                        "image": "us-docker.pkg.dev/valoriyan/kupo-docker-repo/kupo-beta-backend",
                        "ports": [
                          {
                            "container_port": 8080,
                            "name": "http1",
                            "protocol": ""
                          }
                        ],
                        "resources": [
                          {
                            "limits": {
                              "cpu": "1000m",
                              "memory": "512Mi"
                            },
                            "requests": {}
                          }
                        ],
                        "volume_mounts": [],
                        "working_dir": ""
                      }
                    ],
                    "service_account_name": "terraform-julian-local@valoriyan.iam.gserviceaccount.com",
                    "serving_state": "",
                    "timeout_seconds": 300,
                    "volumes": []
                  }
                ]
              }
            ],
            "timeouts": null,
            "traffic": [
              {
                "latest_revision": true,
                "percent": 100,
                "revision_name": "",
                "tag": "",
                "url": ""
              }
            ]
          },
          "sensitive_attributes": [],
          "private": "eyJlMmJmYjczMC1lY2FhLTExZTYtOGY4OC0zNDM2M2JjN2M0YzAiOnsiY3JlYXRlIjoxMjAwMDAwMDAwMDAwLCJkZWxldGUiOjEyMDAwMDAwMDAwMDAsInVwZGF0ZSI6MTIwMDAwMDAwMDAwMH0sInNjaGVtYV92ZXJzaW9uIjoiMSJ9",
          "dependencies": [
            "google_compute_subnetwork.kupo_beta",
            "google_vpc_access_connector.kupo_beta_backend"
          ]
        }
      ]
    },
    {
      "mode": "managed",
      "type": "google_cloud_run_service",
      "name": "kupo_beta_frontend",
      "provider": "provider[\"registry.terraform.io/hashicorp/google\"]",
      "instances": [
        {
          "schema_version": 1,
          "attributes": {
            "autogenerate_revision_name": false,
            "id": "locations/us-east4/namespaces/valoriyan/services/kupo-beta-frontend",
            "location": "us-east4",
            "metadata": [
              {
                "annotations": {
                  "run.googleapis.com/ingress": "all",
                  "run.googleapis.com/ingress-status": "all",
                  "serving.knative.dev/creator": "terraform-julian-local@valoriyan.iam.gserviceaccount.com",
                  "serving.knative.dev/lastModifier": "dev@valoriyan.com"
                },
                "generation": 11,
                "labels": {
                  "cloud.googleapis.com/location": "us-east4"
                },
                "namespace": "valoriyan",
                "resource_version": "AAXw6pEzMTg",
                "self_link": "/apis/serving.knative.dev/v1/namespaces/1074381951883/services/kupo-beta-frontend",
                "uid": "d7e546c3-e8e8-465a-94db-396f43ff20d6"
              }
            ],
            "name": "kupo-beta-frontend",
            "project": "valoriyan",
            "status": [
              {
                "conditions": [
                  {
                    "message": "",
                    "reason": "",
                    "status": "True",
                    "type": "Ready"
                  },
                  {
                    "message": "",
                    "reason": "",
                    "status": "True",
                    "type": "ConfigurationsReady"
                  },
                  {
                    "message": "",
                    "reason": "",
                    "status": "True",
                    "type": "RoutesReady"
                  }
                ],
                "latest_created_revision_name": "kupo-beta-frontend-00011-piv",
                "latest_ready_revision_name": "kupo-beta-frontend-00011-piv",
                "observed_generation": 11,
                "url": "https://kupo-beta-frontend-elmq72nyia-uk.a.run.app"
              }
            ],
            "template": [
              {
                "metadata": [
                  {
                    "annotations": {
                      "autoscaling.knative.dev/maxScale": "5",
                      "autoscaling.knative.dev/minScale": "1",
                      "run.googleapis.com/vpc-access-connector": "kupo-beta-backend-conn",
                      "run.googleapis.com/vpc-access-egress": "all-traffic"
                    },
                    "generation": 0,
                    "labels": {},
                    "name": "kupo-beta-frontend-00011-piv",
                    "namespace": "",
                    "resource_version": "",
                    "self_link": "",
                    "uid": ""
                  }
                ],
                "spec": [
                  {
                    "container_concurrency": 80,
                    "containers": [
                      {
                        "args": [],
                        "command": [],
                        "env": [
                          {
                            "name": "API_BASE_URL",
                            "value": "https://beta-api.kupo.social",
                            "value_from": []
                          },
                          {
                            "name": "API_WEBSOCKET_URL",
                            "value": "ws://beta-api.kupo.social",
                            "value_from": []
                          },
                          {
                            "name": "NODE_OPTIONS",
                            "value": "--max_old_space_size=2560",
                            "value_from": []
                          }
                        ],
                        "env_from": [],
                        "image": "us-docker.pkg.dev/valoriyan/kupo-docker-repo/kupo-beta-frontend",
                        "ports": [
                          {
                            "container_port": 8080,
                            "name": "http1",
                            "protocol": ""
                          }
                        ],
                        "resources": [
                          {
                            "limits": {
                              "cpu": "1000m",
                              "memory": "512Mi"
                            },
                            "requests": {}
                          }
                        ],
                        "volume_mounts": [],
                        "working_dir": ""
                      }
                    ],
                    "service_account_name": "1074381951883-compute@developer.gserviceaccount.com",
                    "serving_state": "",
                    "timeout_seconds": 300,
                    "volumes": []
                  }
                ]
              }
            ],
            "timeouts": null,
            "traffic": [
              {
                "latest_revision": true,
                "percent": 100,
                "revision_name": "",
                "tag": "",
                "url": ""
              }
            ]
          },
          "sensitive_attributes": [],
          "private": "eyJlMmJmYjczMC1lY2FhLTExZTYtOGY4OC0zNDM2M2JjN2M0YzAiOnsiY3JlYXRlIjoxMjAwMDAwMDAwMDAwLCJkZWxldGUiOjEyMDAwMDAwMDAwMDAsInVwZGF0ZSI6MTIwMDAwMDAwMDAwMH0sInNjaGVtYV92ZXJzaW9uIjoiMSJ9",
          "dependencies": [
            "google_compute_subnetwork.kupo_beta",
            "google_vpc_access_connector.kupo_beta_backend"
          ]
        }
      ]
    },
    {
      "mode": "managed",
      "type": "google_compute_address",
      "name": "kupo_beta_backend",
      "provider": "provider[\"registry.terraform.io/hashicorp/google\"]",
      "instances": [
        {
          "schema_version": 0,
          "attributes": {
            "address": "34.85.159.86",
            "address_type": "EXTERNAL",
            "creation_timestamp": "2022-12-15T04:52:00.161-08:00",
            "description": "",
            "id": "projects/valoriyan/regions/us-east4/addresses/kupo-beta-backend-static-ip-address",
            "name": "kupo-beta-backend-static-ip-address",
            "network": "",
            "network_tier": "PREMIUM",
            "prefix_length": 0,
            "project": "valoriyan",
            "purpose": "",
            "region": "us-east4",
            "self_link": "https://www.googleapis.com/compute/v1/projects/valoriyan/regions/us-east4/addresses/kupo-beta-backend-static-ip-address",
            "subnetwork": "",
            "timeouts": null,
            "users": [
              "https://www.googleapis.com/compute/v1/projects/valoriyan/regions/us-east4/routers/kupo-beta-router"
            ]
          },
          "sensitive_attributes": [],
          "private": "eyJlMmJmYjczMC1lY2FhLTExZTYtOGY4OC0zNDM2M2JjN2M0YzAiOnsiY3JlYXRlIjoxMjAwMDAwMDAwMDAwLCJkZWxldGUiOjEyMDAwMDAwMDAwMDB9fQ==",
          "dependencies": [
            "google_compute_network.default",
            "google_compute_subnetwork.kupo_beta"
          ]
        }
      ]
    },
    {
      "mode": "managed",
      "type": "google_compute_network",
      "name": "default",
      "provider": "provider[\"registry.terraform.io/hashicorp/google\"]",
      "instances": [
        {
          "schema_version": 0,
          "attributes": {
            "auto_create_subnetworks": true,
            "delete_default_routes_on_create": false,
            "description": "",
            "enable_ula_internal_ipv6": false,
            "gateway_ipv4": "",
            "id": "projects/valoriyan/global/networks/valoriyan-ip-network-1",
            "internal_ipv6_range": "",
            "mtu": 0,
            "name": "valoriyan-ip-network-1",
            "project": "valoriyan",
            "routing_mode": "REGIONAL",
            "self_link": "https://www.googleapis.com/compute/v1/projects/valoriyan/global/networks/valoriyan-ip-network-1",
            "timeouts": null
          },
          "sensitive_attributes": [],
          "private": "eyJlMmJmYjczMC1lY2FhLTExZTYtOGY4OC0zNDM2M2JjN2M0YzAiOnsiY3JlYXRlIjoxMjAwMDAwMDAwMDAwLCJkZWxldGUiOjEyMDAwMDAwMDAwMDAsInVwZGF0ZSI6MTIwMDAwMDAwMDAwMH19"
        }
      ]
    },
    {
      "mode": "managed",
      "type": "google_compute_router",
      "name": "kupo_beta",
      "provider": "provider[\"registry.terraform.io/hashicorp/google\"]",
      "instances": [
        {
          "schema_version": 0,
          "attributes": {
            "bgp": [],
            "creation_timestamp": "2022-12-15T04:51:24.814-08:00",
            "description": "",
            "encrypted_interconnect_router": false,
            "id": "projects/valoriyan/regions/us-east4/routers/kupo-beta-router",
            "name": "kupo-beta-router",
            "network": "https://www.googleapis.com/compute/v1/projects/valoriyan/global/networks/valoriyan-ip-network-1",
            "project": "valoriyan",
            "region": "us-east4",
            "self_link": "https://www.googleapis.com/compute/v1/projects/valoriyan/regions/us-east4/routers/kupo-beta-router",
            "timeouts": null
          },
          "sensitive_attributes": [],
          "private": "eyJlMmJmYjczMC1lY2FhLTExZTYtOGY4OC0zNDM2M2JjN2M0YzAiOnsiY3JlYXRlIjoxMjAwMDAwMDAwMDAwLCJkZWxldGUiOjEyMDAwMDAwMDAwMDAsInVwZGF0ZSI6MTIwMDAwMDAwMDAwMH19",
          "dependencies": [
            "google_compute_network.default",
            "google_compute_subnetwork.kupo_beta"
          ]
        }
      ]
    },
    {
      "mode": "managed",
      "type": "google_compute_router_nat",
      "name": "kupo_beta",
      "provider": "provider[\"registry.terraform.io/hashicorp/google\"]",
      "instances": [
        {
          "schema_version": 0,
          "attributes": {
            "drain_nat_ips": [],
            "enable_dynamic_port_allocation": false,
            "enable_endpoint_independent_mapping": true,
            "icmp_idle_timeout_sec": 30,
            "id": "valoriyan/us-east4/kupo-beta-router/kupo-beta-static-nat",
            "log_config": [],
            "max_ports_per_vm": 0,
            "min_ports_per_vm": 0,
            "name": "kupo-beta-static-nat",
            "nat_ip_allocate_option": "MANUAL_ONLY",
            "nat_ips": [
              "https://www.googleapis.com/compute/v1/projects/valoriyan/regions/us-east4/addresses/kupo-beta-backend-static-ip-address"
            ],
            "project": "valoriyan",
            "region": "us-east4",
            "router": "kupo-beta-router",
            "rules": [],
            "source_subnetwork_ip_ranges_to_nat": "LIST_OF_SUBNETWORKS",
            "subnetwork": [
              {
                "name": "https://www.googleapis.com/compute/v1/projects/valoriyan/regions/us-east4/subnetworks/kupo-beta-subnetwork",
                "secondary_ip_range_names": [],
                "source_ip_ranges_to_nat": [
                  "ALL_IP_RANGES"
                ]
              }
            ],
            "tcp_established_idle_timeout_sec": 1200,
            "tcp_transitory_idle_timeout_sec": 30,
            "timeouts": null,
            "udp_idle_timeout_sec": 30
          },
          "sensitive_attributes": [],
          "private": "eyJlMmJmYjczMC1lY2FhLTExZTYtOGY4OC0zNDM2M2JjN2M0YzAiOnsiY3JlYXRlIjoxMjAwMDAwMDAwMDAwLCJkZWxldGUiOjEyMDAwMDAwMDAwMDAsInVwZGF0ZSI6MTIwMDAwMDAwMDAwMH19",
          "dependencies": [
            "google_compute_address.kupo_beta_backend",
            "google_compute_network.default",
            "google_compute_router.kupo_beta",
            "google_compute_subnetwork.kupo_beta"
          ]
        }
      ]
    },
    {
      "mode": "managed",
      "type": "google_compute_subnetwork",
      "name": "kupo_beta",
      "provider": "provider[\"registry.terraform.io/hashicorp/google\"]",
      "instances": [
        {
          "schema_version": 0,
          "attributes": {
            "creation_timestamp": "2022-12-15T04:44:40.312-08:00",
            "description": "",
            "external_ipv6_prefix": "",
            "fingerprint": null,
            "gateway_address": "10.10.0.1",
            "id": "projects/valoriyan/regions/us-east4/subnetworks/kupo-beta-subnetwork",
            "ip_cidr_range": "10.10.0.0/28",
            "ipv6_access_type": "",
            "ipv6_cidr_range": "",
            "log_config": [],
            "name": "kupo-beta-subnetwork",
            "network": "https://www.googleapis.com/compute/v1/projects/valoriyan/global/networks/valoriyan-ip-network-1",
            "private_ip_google_access": false,
            "private_ipv6_google_access": "DISABLE_GOOGLE_ACCESS",
            "project": "valoriyan",
            "purpose": "PRIVATE",
            "region": "us-east4",
            "role": "",
            "secondary_ip_range": [],
            "self_link": "https://www.googleapis.com/compute/v1/projects/valoriyan/regions/us-east4/subnetworks/kupo-beta-subnetwork",
            "stack_type": "IPV4_ONLY",
            "timeouts": null
          },
          "sensitive_attributes": [],
          "private": "eyJlMmJmYjczMC1lY2FhLTExZTYtOGY4OC0zNDM2M2JjN2M0YzAiOnsiY3JlYXRlIjoxMjAwMDAwMDAwMDAwLCJkZWxldGUiOjEyMDAwMDAwMDAwMDAsInVwZGF0ZSI6MTIwMDAwMDAwMDAwMH19",
          "dependencies": [
            "google_compute_network.default"
          ]
        }
      ]
    },
    {
      "mode": "managed",
      "type": "google_project_service",
      "name": "vpc",
      "provider": "provider[\"registry.terraform.io/hashicorp/google\"]",
      "instances": [
        {
          "schema_version": 0,
          "attributes": {
            "disable_dependent_services": null,
            "disable_on_destroy": false,
            "id": "valoriyan/vpcaccess.googleapis.com",
            "project": "valoriyan",
            "service": "vpcaccess.googleapis.com",
            "timeouts": null
          },
          "sensitive_attributes": [],
          "private": "eyJlMmJmYjczMC1lY2FhLTExZTYtOGY4OC0zNDM2M2JjN2M0YzAiOnsiY3JlYXRlIjoxMjAwMDAwMDAwMDAwLCJkZWxldGUiOjEyMDAwMDAwMDAwMDAsInJlYWQiOjYwMDAwMDAwMDAwMCwidXBkYXRlIjoxMjAwMDAwMDAwMDAwfX0="
        }
      ]
    },
    {
      "mode": "managed",
      "type": "google_vpc_access_connector",
      "name": "kupo_beta_backend",
      "provider": "provider[\"registry.terraform.io/hashicorp/google\"]",
      "instances": [
        {
          "schema_version": 0,
          "attributes": {
            "id": "projects/valoriyan/locations/us-east4/connectors/kupo-beta-backend-conn",
            "ip_cidr_range": "",
            "machine_type": "e2-micro",
            "max_instances": 3,
            "max_throughput": 300,
            "min_instances": 2,
            "min_throughput": 200,
            "name": "kupo-beta-backend-conn",
            "network": "",
            "project": "valoriyan",
            "region": "us-east4",
            "self_link": "projects/valoriyan/locations/us-east4/connectors/kupo-beta-backend-conn",
            "state": "READY",
            "subnet": [
              {
                "name": "kupo-beta-subnetwork",
                "project_id": "valoriyan"
              }
            ],
            "timeouts": null
          },
          "sensitive_attributes": [],
          "private": "eyJlMmJmYjczMC1lY2FhLTExZTYtOGY4OC0zNDM2M2JjN2M0YzAiOnsiY3JlYXRlIjoxMjAwMDAwMDAwMDAwLCJkZWxldGUiOjEyMDAwMDAwMDAwMDB9fQ==",
          "dependencies": [
            "google_compute_network.default",
            "google_compute_subnetwork.kupo_beta",
            "google_project_service.vpc"
          ]
        }
      ]
    }
  ],
  "check_results": null
}
